// !$*UTF8*$!
{
	archiveVersion = 1;
	classes = {
	};
	objectVersion = 48;
	objects = {

/* Begin PBXBuildFile section */
		33421B822024BB7B00DDF45F /* RestoListTableViewController.swift in Sources */ = {isa = PBXBuildFile; fileRef = 33421B812024BB7B00DDF45F /* RestoListTableViewController.swift */; };
		3357A3EB202305040087A393 /* Restaurant.swift in Sources */ = {isa = PBXBuildFile; fileRef = 3357A3EA202305040087A393 /* Restaurant.swift */; };
		3357A3ED202305AD0087A393 /* Route.swift in Sources */ = {isa = PBXBuildFile; fileRef = 3357A3EC202305AD0087A393 /* Route.swift */; };
		3357A3EF2023189B0087A393 /* Library.swift in Sources */ = {isa = PBXBuildFile; fileRef = 3357A3EE2023189B0087A393 /* Library.swift */; };
		337A71302021FE8600000406 /* AppDelegate.swift in Sources */ = {isa = PBXBuildFile; fileRef = 337A712F2021FE8600000406 /* AppDelegate.swift */; };
		337A71322021FE8600000406 /* ViewController.swift in Sources */ = {isa = PBXBuildFile; fileRef = 337A71312021FE8600000406 /* ViewController.swift */; };
		337A71352021FE8600000406 /* Main.storyboard in Resources */ = {isa = PBXBuildFile; fileRef = 337A71332021FE8600000406 /* Main.storyboard */; };
		337A71372021FE8600000406 /* Assets.xcassets in Resources */ = {isa = PBXBuildFile; fileRef = 337A71362021FE8600000406 /* Assets.xcassets */; };
		337A713A2021FE8600000406 /* LaunchScreen.storyboard in Resources */ = {isa = PBXBuildFile; fileRef = 337A71382021FE8600000406 /* LaunchScreen.storyboard */; };
/* End PBXBuildFile section */

/* Begin PBXFileReference section */
		33421B812024BB7B00DDF45F /* RestoListTableViewController.swift */ = {isa = PBXFileReference; lastKnownFileType = sourcecode.swift; path = RestoListTableViewController.swift; sourceTree = "<group>"; };
		3357A3EA202305040087A393 /* Restaurant.swift */ = {isa = PBXFileReference; lastKnownFileType = sourcecode.swift; path = Restaurant.swift; sourceTree = "<group>"; };
		3357A3EC202305AD0087A393 /* Route.swift */ = {isa = PBXFileReference; lastKnownFileType = sourcecode.swift; path = Route.swift; sourceTree = "<group>"; };
		3357A3EE2023189B0087A393 /* Library.swift */ = {isa = PBXFileReference; lastKnownFileType = sourcecode.swift; path = Library.swift; sourceTree = "<group>"; };
		337A712C2021FE8600000406 /* Restos.app */ = {isa = PBXFileReference; explicitFileType = wrapper.application; includeInIndex = 0; path = Restos.app; sourceTree = BUILT_PRODUCTS_DIR; };
		337A712F2021FE8600000406 /* AppDelegate.swift */ = {isa = PBXFileReference; lastKnownFileType = sourcecode.swift; path = AppDelegate.swift; sourceTree = "<group>"; };
		337A71312021FE8600000406 /* ViewController.swift */ = {isa = PBXFileReference; lastKnownFileType = sourcecode.swift; path = ViewController.swift; sourceTree = "<group>"; };
		337A71342021FE8600000406 /* Base */ = {isa = PBXFileReference; lastKnownFileType = file.storyboard; name = Base; path = Base.lproj/Main.storyboard; sourceTree = "<group>"; };
		337A71362021FE8600000406 /* Assets.xcassets */ = {isa = PBXFileReference; lastKnownFileType = folder.assetcatalog; path = Assets.xcassets; sourceTree = "<group>"; };
		337A71392021FE8600000406 /* Base */ = {isa = PBXFileReference; lastKnownFileType = file.storyboard; name = Base; path = Base.lproj/LaunchScreen.storyboard; sourceTree = "<group>"; };
		337A713B2021FE8600000406 /* Info.plist */ = {isa = PBXFileReference; lastKnownFileType = text.plist.xml; path = Info.plist; sourceTree = "<group>"; };
/* End PBXFileReference section */

/* Begin PBXFrameworksBuildPhase section */
		337A71292021FE8600000406 /* Frameworks */ = {
			isa = PBXFrameworksBuildPhase;
			buildActionMask = 2147483647;
			files = (
			);
			runOnlyForDeploymentPostprocessing = 0;
		};
/* End PBXFrameworksBuildPhase section */

/* Begin PBXGroup section */
		3357A3E9202304EA0087A393 /* Model */ = {
			isa = PBXGroup;
			children = (
				3357A3EA202305040087A393 /* Restaurant.swift */,
				3357A3EC202305AD0087A393 /* Route.swift */,
				3357A3EE2023189B0087A393 /* Library.swift */,
			);
			path = Model;
			sourceTree = "<group>";
		};
		337A71232021FE8600000406 = {
			isa = PBXGroup;
			children = (
				337A712E2021FE8600000406 /* Restos */,
				337A712D2021FE8600000406 /* Products */,
			);
			sourceTree = "<group>";
		};
		337A712D2021FE8600000406 /* Products */ = {
			isa = PBXGroup;
			children = (
				337A712C2021FE8600000406 /* Restos.app */,
			);
			name = Products;
			sourceTree = "<group>";
		};
		337A712E2021FE8600000406 /* Restos */ = {
			isa = PBXGroup;
			children = (
				3357A3E9202304EA0087A393 /* Model */,
				337A712F2021FE8600000406 /* AppDelegate.swift */,
				337A71312021FE8600000406 /* ViewController.swift */,
				33421B812024BB7B00DDF45F /* RestoListTableViewController.swift */,
				337A71332021FE8600000406 /* Main.storyboard */,
				337A71362021FE8600000406 /* Assets.xcassets */,
				337A71382021FE8600000406 /* LaunchScreen.storyboard */,
				337A713B2021FE8600000406 /* Info.plist */,
			);
			path = Restos;
			sourceTree = "<group>";
		};
/* End PBXGroup section */

/* Begin PBXNativeTarget section */
		337A712B2021FE8600000406 /* Restos */ = {
			isa = PBXNativeTarget;
			buildConfigurationList = 337A713E2021FE8600000406 /* Build configuration list for PBXNativeTarget "Restos" */;
			buildPhases = (
				337A71282021FE8600000406 /* Sources */,
				337A71292021FE8600000406 /* Frameworks */,
				337A712A2021FE8600000406 /* Resources */,
			);
			buildRules = (
			);
			dependencies = (
			);
			name = Restos;
			productName = Restos;
			productReference = 337A712C2021FE8600000406 /* Restos.app */;
			productType = "com.apple.product-type.application";
		};
/* End PBXNativeTarget section */

/* Begin PBXProject section */
		337A71242021FE8600000406 /* Project object */ = {
			isa = PBXProject;
			attributes = {
				LastSwiftUpdateCheck = 0920;
				LastUpgradeCheck = 0920;
				ORGANIZATIONNAME = TecTec;
				TargetAttributes = {
					337A712B2021FE8600000406 = {
						CreatedOnToolsVersion = 9.2;
						ProvisioningStyle = Automatic;
					};
				};
			};
			buildConfigurationList = 337A71272021FE8600000406 /* Build configuration list for PBXProject "Restos" */;
			compatibilityVersion = "Xcode 8.0";
			developmentRegion = en;
			hasScannedForEncodings = 0;
			knownRegions = (
				en,
				Base,
			);
			mainGroup = 337A71232021FE8600000406;
			productRefGroup = 337A712D2021FE8600000406 /* Products */;
			projectDirPath = "";
			projectRoot = "";
			targets = (
				337A712B2021FE8600000406 /* Restos */,
			);
		};
/* End PBXProject section */

/* Begin PBXResourcesBuildPhase section */
		337A712A2021FE8600000406 /* Resources */ = {
			isa = PBXResourcesBuildPhase;
			buildActionMask = 2147483647;
			files = (
				337A713A2021FE8600000406 /* LaunchScreen.storyboard in Resources */,
				337A71372021FE8600000406 /* Assets.xcassets in Resources */,
				337A71352021FE8600000406 /* Main.storyboard in Resources */,
			);
			runOnlyForDeploymentPostprocessing = 0;
		};
/* End PBXResourcesBuildPhase section */

/* Begin PBXSourcesBuildPhase section */
		337A71282021FE8600000406 /* Sources */ = {
			isa = PBXSourcesBuildPhase;
			buildActionMask = 2147483647;
			files = (
				337A71322021FE8600000406 /* ViewController.swift in Sources */,
				33421B822024BB7B00DDF45F /* RestoListTableViewController.swift in Sources */,
				3357A3ED202305AD0087A393 /* Route.swift in Sources */,
				3357A3EF2023189B0087A393 /* Library.swift in Sources */,
				337A71302021FE8600000406 /* AppDelegate.swift in Sources */,
				3357A3EB202305040087A393 /* Restaurant.swift in Sources */,
			);
			runOnlyForDeploymentPostprocessing = 0;
		};
/* End PBXSourcesBuildPhase section */

/* Begin PBXVariantGroup section */
		337A71332021FE8600000406 /* Main.storyboard */ = {
			isa = PBXVariantGroup;
			children = (
				337A71342021FE8600000406 /* Base */,
			);
			name = Main.storyboard;
			sourceTree = "<group>";
		};
		337A71382021FE8600000406 /* LaunchScreen.storyboard */ = {
			isa = PBXVariantGroup;
			children = (
				337A71392021FE8600000406 /* Base */,
			);
			name = LaunchScreen.storyboard;
			sourceTree = "<group>";
		};
/* End PBXVariantGroup section */

/* Begin XCBuildConfiguration section */
		337A713C2021FE8600000406 /* Debug */ = {
			isa = XCBuildConfiguration;
			buildSettings = {
				ALWAYS_SEARCH_USER_PATHS = NO;
				CLANG_ANALYZER_NONNULL = YES;
				CLANG_ANALYZER_NUMBER_OBJECT_CONVERSION = YES_AGGRESSIVE;
				CLANG_CXX_LANGUAGE_STANDARD = "gnu++14";
				CLANG_CXX_LIBRARY = "libc++";
				CLANG_ENABLE_MODULES = YES;
				CLANG_ENABLE_OBJC_ARC = YES;
				CLANG_WARN_BLOCK_CAPTURE_AUTORELEASING = YES;
				CLANG_WARN_BOOL_CONVERSION = YES;
				CLANG_WARN_COMMA = YES;
				CLANG_WARN_CONSTANT_CONVERSION = YES;
				CLANG_WARN_DIRECT_OBJC_ISA_USAGE = YES_ERROR;
				CLANG_WARN_DOCUMENTATION_COMMENTS = YES;
				CLANG_WARN_EMPTY_BODY = YES;
				CLANG_WARN_ENUM_CONVERSION = YES;
				CLANG_WARN_INFINITE_RECURSION = YES;
				CLANG_WARN_INT_CONVERSION = YES;
				CLANG_WARN_NON_LITERAL_NULL_CONVERSION = YES;
				CLANG_WARN_OBJC_LITERAL_CONVERSION = YES;
				CLANG_WARN_OBJC_ROOT_CLASS = YES_ERROR;
				CLANG_WARN_RANGE_LOOP_ANALYSIS = YES;
				CLANG_WARN_STRICT_PROTOTYPES = YES;
				CLANG_WARN_SUSPICIOUS_MOVE = YES;
				CLANG_WARN_UNGUARDED_AVAILABILITY = YES_AGGRESSIVE;
				CLANG_WARN_UNREACHABLE_CODE = YES;
				CLANG_WARN__DUPLICATE_METHOD_MATCH = YES;
				CODE_SIGN_IDENTITY = "iPhone Developer";
				COPY_PHASE_STRIP = NO;
				DEBUG_INFORMATION_FORMAT = dwarf;
				ENABLE_STRICT_OBJC_MSGSEND = YES;
				ENABLE_TESTABILITY = YES;
				GCC_C_LANGUAGE_STANDARD = gnu11;
				GCC_DYNAMIC_NO_PIC = NO;
				GCC_NO_COMMON_BLOCKS = YES;
				GCC_OPTIMIZATION_LEVEL = 0;
				GCC_PREPROCESSOR_DEFINITIONS = (
					"DEBUG=1",
					"$(inherited)",
				);
				GCC_WARN_64_TO_32_BIT_CONVERSION = YES;
				GCC_WARN_ABOUT_RETURN_TYPE = YES_ERROR;
				GCC_WARN_UNDECLARED_SELECTOR = YES;
				GCC_WARN_UNINITIALIZED_AUTOS = YES_AGGRESSIVE;
				GCC_WARN_UNUSED_FUNCTION = YES;
				GCC_WARN_UNUSED_VARIABLE = YES;
				IPHONEOS_DEPLOYMENT_TARGET = 11.2;
				MTL_ENABLE_DEBUG_INFO = YES;
				ONLY_ACTIVE_ARCH = YES;
				SDKROOT = iphoneos;
				SWIFT_ACTIVE_COMPILATION_CONDITIONS = DEBUG;
				SWIFT_OPTIMIZATION_LEVEL = "-Onone";
			};
			name = Debug;
		};
		337A713D2021FE8600000406 /* Release */ = {
			isa = XCBuildConfiguration;
			buildSettings = {
				ALWAYS_SEARCH_USER_PATHS = NO;
				CLANG_ANALYZER_NONNULL = YES;
				CLANG_ANALYZER_NUMBER_OBJECT_CONVERSION = YES_AGGRESSIVE;
				CLANG_CXX_LANGUAGE_STANDARD = "gnu++14";
				CLANG_CXX_LIBRARY = "libc++";
				CLANG_ENABLE_MODULES = YES;
				CLANG_ENABLE_OBJC_ARC = YES;
				CLANG_WARN_BLOCK_CAPTURE_AUTORELEASING = YES;
				CLANG_WARN_BOOL_CONVERSION = YES;
				CLANG_WARN_COMMA = YES;
				CLANG_WARN_CONSTANT_CONVERSION = YES;
				CLANG_WARN_DIRECT_OBJC_ISA_USAGE = YES_ERROR;
				CLANG_WARN_DOCUMENTATION_COMMENTS = YES;
				CLANG_WARN_EMPTY_BODY = YES;
				CLANG_WARN_ENUM_CONVERSION = YES;
				CLANG_WARN_INFINITE_RECURSION = YES;
				CLANG_WARN_INT_CONVERSION = YES;
				CLANG_WARN_NON_LITERAL_NULL_CONVERSION = YES;
				CLANG_WARN_OBJC_LITERAL_CONVERSION = YES;
				CLANG_WARN_OBJC_ROOT_CLASS = YES_ERROR;
				CLANG_WARN_RANGE_LOOP_ANALYSIS = YES;
				CLANG_WARN_STRICT_PROTOTYPES = YES;
				CLANG_WARN_SUSPICIOUS_MOVE = YES;
				CLANG_WARN_UNGUARDED_AVAILABILITY = YES_AGGRESSIVE;
				CLANG_WARN_UNREACHABLE_CODE = YES;
				CLANG_WARN__DUPLICATE_METHOD_MATCH = YES;
				CODE_SIGN_IDENTITY = "iPhone Developer";
				COPY_PHASE_STRIP = NO;
				DEBUG_INFORMATION_FORMAT = "dwarf-with-dsym";
				ENABLE_NS_ASSERTIONS = NO;
				ENABLE_STRICT_OBJC_MSGSEND = YES;
				GCC_C_LANGUAGE_STANDARD = gnu11;
				GCC_NO_COMMON_BLOCKS = YES;
				GCC_WARN_64_TO_32_BIT_CONVERSION = YES;
				GCC_WARN_ABOUT_RETURN_TYPE = YES_ERROR;
				GCC_WARN_UNDECLARED_SELECTOR = YES;
				GCC_WARN_UNINITIALIZED_AUTOS = YES_AGGRESSIVE;
				GCC_WARN_UNUSED_FUNCTION = YES;
				GCC_WARN_UNUSED_VARIABLE = YES;
				IPHONEOS_DEPLOYMENT_TARGET = 11.2;
				MTL_ENABLE_DEBUG_INFO = NO;
				SDKROOT = iphoneos;
				SWIFT_OPTIMIZATION_LEVEL = "-Owholemodule";
				VALIDATE_PRODUCT = YES;
			};
			name = Release;
		};
		337A713F2021FE8600000406 /* Debug */ = {
			isa = XCBuildConfiguration;
			buildSettings = {
				ASSETCATALOG_COMPILER_APPICON_NAME = AppIcon;
				CODE_SIGN_STYLE = Automatic;
				DEVELOPMENT_TEAM = A7SGM6JEMA;
				INFOPLIST_FILE = Restos/Info.plist;
				IPHONEOS_DEPLOYMENT_TARGET = 11.1;
				LD_RUNPATH_SEARCH_PATHS = "$(inherited) @executable_path/Frameworks";
				PRODUCT_BUNDLE_IDENTIFIER = fr.dmr.training.Restos;
				PRODUCT_NAME = "$(TARGET_NAME)";
				SWIFT_VERSION = 4.0;
				TARGETED_DEVICE_FAMILY = "1,2";
			};
			name = Debug;
		};
		337A71402021FE8600000406 /* Release */ = {
			isa = XCBuildConfiguration;
			buildSettings = {
				ASSETCATALOG_COMPILER_APPICON_NAME = AppIcon;
				CODE_SIGN_STYLE = Automatic;
				DEVELOPMENT_TEAM = A7SGM6JEMA;
				INFOPLIST_FILE = Restos/Info.plist;
				IPHONEOS_DEPLOYMENT_TARGET = 11.1;
				LD_RUNPATH_SEARCH_PATHS = "$(inherited) @executable_path/Frameworks";
				PRODUCT_BUNDLE_IDENTIFIER = fr.dmr.training.Restos;
				PRODUCT_NAME = "$(TARGET_NAME)";
				SWIFT_VERSION = 4.0;
				TARGETED_DEVICE_FAMILY = "1,2";
			};
			name = Release;
		};
/* End XCBuildConfiguration section */

/* Begin XCConfigurationList section */
		337A71272021FE8600000406 /* Build configuration list for PBXProject "Restos" */ = {
			isa = XCConfigurationList;
			buildConfigurations = (
				337A713C2021FE8600000406 /* Debug */,
				337A713D2021FE8600000406 /* Release */,
			);
			defaultConfigurationIsVisible = 0;
			defaultConfigurationName = Release;
		};
		337A713E2021FE8600000406 /* Build configuration list for PBXNativeTarget "Restos" */ = {
			isa = XCConfigurationList;
			buildConfigurations = (
				337A713F2021FE8600000406 /* Debug */,
				337A71402021FE8600000406 /* Release */,
			);
			defaultConfigurationIsVisible = 0;
			defaultConfigurationName = Release;
		};
/* End XCConfigurationList section */
	};
	rootObject = 337A71242021FE8600000406 /* Project object */;
}
